
Microsoft Visual Studio Solution File, Format Version 12.00
# Visual Studio 2012
Project("{FAE04EC0-301F-11D3-BF4B-00C04F79EFBC}") = "Brainfuck", "Brainfuck\Brainfuck.csproj", "{921F65EF-340C-406B-9EEE-EA26357F469E}"
EndProject
Global
	GlobalSection(SolutionConfigurationPlatforms) = preSolution
		Debug|Any CPU = Debug|Any CPU
		Release|Any CPU = Release|Any CPU
	EndGlobalSection
	GlobalSection(ProjectConfigurationPlatforms) = postSolution
		{921F65EF-340C-406B-9EEE-EA26357F469E}.Debug|Any CPU.ActiveCfg = Debug|Any CPU
		{921F65EF-340C-406B-9EEE-EA26357F469E}.Debug|Any CPU.Build.0 = Debug|Any CPU
		{921F65EF-340C-406B-9EEE-EA26357F469E}.Release|Any CPU.ActiveCfg = Release|Any CPU
		{921F65EF-340C-406B-9EEE-EA26357F469E}.Release|Any CPU.Build.0 = Release|Any CPU
	EndGlobalSection
	GlobalSection(SolutionProperties) = preSolution
		HideSolutionNode = FALSE
	EndGlobalSection
EndGlobal
